
Microsoft Visual Studio Solution File, Format Version 12.00
# Visual Studio Version 16
VisualStudioVersion = 16.0.31702.278
MinimumVisualStudioVersion = 10.0.40219.1
Project("{FAE04EC0-301F-11D3-BF4B-00C04F79EFBC}") = "BattleshipLiteLibrary", "BattleshipLiteLibrary\BattleshipLiteLibrary.csproj", "{707C8B1F-123D-4F5C-A6E0-4AEF66214965}"
EndProject
Project("{FAE04EC0-301F-11D3-BF4B-00C04F79EFBC}") = "BattleshipLite", "BattleshipLite\BattleshipLite.csproj", "{F48D15BD-B6AC-42FE-8EEF-9BC4A9E08B49}"
EndProject
Global
	GlobalSection(SolutionConfigurationPlatforms) = preSolution
		Debug|Any CPU = Debug|Any CPU
		Release|Any CPU = Release|Any CPU
	EndGlobalSection
	GlobalSection(ProjectConfigurationPlatforms) = postSolution
		{707C8B1F-123D-4F5C-A6E0-4AEF66214965}.Debug|Any CPU.ActiveCfg = Debug|Any CPU
		{707C8B1F-123D-4F5C-A6E0-4AEF66214965}.Debug|Any CPU.Build.0 = Debug|Any CPU
		{707C8B1F-123D-4F5C-A6E0-4AEF66214965}.Release|Any CPU.ActiveCfg = Release|Any CPU
		{707C8B1F-123D-4F5C-A6E0-4AEF66214965}.Release|Any CPU.Build.0 = Release|Any CPU
		{F48D15BD-B6AC-42FE-8EEF-9BC4A9E08B49}.Debug|Any CPU.ActiveCfg = Debug|Any CPU
		{F48D15BD-B6AC-42FE-8EEF-9BC4A9E08B49}.Debug|Any CPU.Build.0 = Debug|Any CPU
		{F48D15BD-B6AC-42FE-8EEF-9BC4A9E08B49}.Release|Any CPU.ActiveCfg = Release|Any CPU
		{F48D15BD-B6AC-42FE-8EEF-9BC4A9E08B49}.Release|Any CPU.Build.0 = Release|Any CPU
	EndGlobalSection
	GlobalSection(SolutionProperties) = preSolution
		HideSolutionNode = FALSE
	EndGlobalSection
	GlobalSection(ExtensibilityGlobals) = postSolution
		SolutionGuid = {C8CC1E4D-1E4B-491B-8033-09D2F2C98995}
	EndGlobalSection
EndGlobal
